
Microsoft Visual Studio Solution File, Format Version 12.00
# Visual Studio Version 17
VisualStudioVersion = 17.4.33110.190
MinimumVisualStudioVersion = 10.0.40219.1
Project("{FAE04EC0-301F-11D3-BF4B-00C04F79EFBC}") = "ModelValidationsExample", "ModelValidationsExample\ModelValidationsExample.csproj", "{163759AC-ECBB-447A-BD14-4575A1D5A274}"
EndProject
Global
	GlobalSection(SolutionConfigurationPlatforms) = preSolution
		Debug|Any CPU = Debug|Any CPU
		Release|Any CPU = Release|Any CPU
	EndGlobalSection
	GlobalSection(ProjectConfigurationPlatforms) = postSolution
		{163759AC-ECBB-447A-BD14-4575A1D5A274}.Debug|Any CPU.ActiveCfg = Debug|Any CPU
		{163759AC-ECBB-447A-BD14-4575A1D5A274}.Debug|Any CPU.Build.0 = Debug|Any CPU
		{163759AC-ECBB-447A-BD14-4575A1D5A274}.Release|Any CPU.ActiveCfg = Release|Any CPU
		{163759AC-ECBB-447A-BD14-4575A1D5A274}.Release|Any CPU.Build.0 = Release|Any CPU
	EndGlobalSection
	GlobalSection(SolutionProperties) = preSolution
		HideSolutionNode = FALSE
	EndGlobalSection
	GlobalSection(ExtensibilityGlobals) = postSolution
		SolutionGuid = {5DF9B778-8B7B-4288-BE58-4B00A4174EDB}
	EndGlobalSection
EndGlobal
